// !$*UTF8*$!
{
	archiveVersion = 1;
	classes = {
	};
	objectVersion = 50;
	objects = {

/* Begin PBXBuildFile section */
		ED3A08FB24C30E5200272548 /* GeometryAnimationView.swift in Sources */ = {isa = PBXBuildFile; fileRef = ED3A08FA24C30E5200272548 /* GeometryAnimationView.swift */; };
		ED9BC52C24C14E1B00E73AD3 /* ProgrammaticDismissalView.swift in Sources */ = {isa = PBXBuildFile; fileRef = ED9BC52B24C14E1B00E73AD3 /* ProgrammaticDismissalView.swift */; };
		ED9BC52E24C1509100E73AD3 /* SheetNavigationView.swift in Sources */ = {isa = PBXBuildFile; fileRef = ED9BC52D24C1509100E73AD3 /* SheetNavigationView.swift */; };
		ED9FC35A24CB86BE00BEA9E2 /* LetterSizeAnimationDemoView.swift in Sources */ = {isa = PBXBuildFile; fileRef = ED9FC35724CB86BE00BEA9E2 /* LetterSizeAnimationDemoView.swift */; };
		ED9FC35B24CB86BE00BEA9E2 /* FlowerAnimationDemoView.swift in Sources */ = {isa = PBXBuildFile; fileRef = ED9FC35824CB86BE00BEA9E2 /* FlowerAnimationDemoView.swift */; };
		ED9FC35C24CB86BE00BEA9E2 /* SkewAnimationDemoView.swift in Sources */ = {isa = PBXBuildFile; fileRef = ED9FC35924CB86BE00BEA9E2 /* SkewAnimationDemoView.swift */; };
		ED9FC35F24CB86D100BEA9E2 /* TextColorAnimationDemoView.swift in Sources */ = {isa = PBXBuildFile; fileRef = ED9FC35D24CB86D100BEA9E2 /* TextColorAnimationDemoView.swift */; };
		EDE8CC1B24C1476400BA1AB1 /* AppDelegate.swift in Sources */ = {isa = PBXBuildFile; fileRef = EDE8CC1A24C1476400BA1AB1 /* AppDelegate.swift */; };
		EDE8CC1D24C1476400BA1AB1 /* SceneDelegate.swift in Sources */ = {isa = PBXBuildFile; fileRef = EDE8CC1C24C1476400BA1AB1 /* SceneDelegate.swift */; };
		EDE8CC1F24C1476400BA1AB1 /* ContentView.swift in Sources */ = {isa = PBXBuildFile; fileRef = EDE8CC1E24C1476400BA1AB1 /* ContentView.swift */; };
		EDE8CC2124C1476600BA1AB1 /* Assets.xcassets in Resources */ = {isa = PBXBuildFile; fileRef = EDE8CC2024C1476600BA1AB1 /* Assets.xcassets */; };
		EDE8CC2424C1476600BA1AB1 /* Preview Assets.xcassets in Resources */ = {isa = PBXBuildFile; fileRef = EDE8CC2324C1476600BA1AB1 /* Preview Assets.xcassets */; };
		EDE8CC2724C1476600BA1AB1 /* LaunchScreen.storyboard in Resources */ = {isa = PBXBuildFile; fileRef = EDE8CC2524C1476600BA1AB1 /* LaunchScreen.storyboard */; };
/* End PBXBuildFile section */

/* Begin PBXFileReference section */
		ED3A08FA24C30E5200272548 /* GeometryAnimationView.swift */ = {isa = PBXFileReference; lastKnownFileType = sourcecode.swift; path = GeometryAnimationView.swift; sourceTree = "<group>"; };
		ED9BC52B24C14E1B00E73AD3 /* ProgrammaticDismissalView.swift */ = {isa = PBXFileReference; lastKnownFileType = sourcecode.swift; path = ProgrammaticDismissalView.swift; sourceTree = "<group>"; };
		ED9BC52D24C1509100E73AD3 /* SheetNavigationView.swift */ = {isa = PBXFileReference; lastKnownFileType = sourcecode.swift; path = SheetNavigationView.swift; sourceTree = "<group>"; };
		ED9FC35724CB86BE00BEA9E2 /* LetterSizeAnimationDemoView.swift */ = {isa = PBXFileReference; fileEncoding = 4; lastKnownFileType = sourcecode.swift; path = LetterSizeAnimationDemoView.swift; sourceTree = "<group>"; };
		ED9FC35824CB86BE00BEA9E2 /* FlowerAnimationDemoView.swift */ = {isa = PBXFileReference; fileEncoding = 4; lastKnownFileType = sourcecode.swift; path = FlowerAnimationDemoView.swift; sourceTree = "<group>"; };
		ED9FC35924CB86BE00BEA9E2 /* SkewAnimationDemoView.swift */ = {isa = PBXFileReference; fileEncoding = 4; lastKnownFileType = sourcecode.swift; path = SkewAnimationDemoView.swift; sourceTree = "<group>"; };
		ED9FC35D24CB86D100BEA9E2 /* TextColorAnimationDemoView.swift */ = {isa = PBXFileReference; fileEncoding = 4; lastKnownFileType = sourcecode.swift; path = TextColorAnimationDemoView.swift; sourceTree = "<group>"; };
		EDE8CC1724C1476400BA1AB1 /* SwiftUIDemos.app */ = {isa = PBXFileReference; explicitFileType = wrapper.application; includeInIndex = 0; path = SwiftUIDemos.app; sourceTree = BUILT_PRODUCTS_DIR; };
		EDE8CC1A24C1476400BA1AB1 /* AppDelegate.swift */ = {isa = PBXFileReference; lastKnownFileType = sourcecode.swift; path = AppDelegate.swift; sourceTree = "<group>"; };
		EDE8CC1C24C1476400BA1AB1 /* SceneDelegate.swift */ = {isa = PBXFileReference; lastKnownFileType = sourcecode.swift; path = SceneDelegate.swift; sourceTree = "<group>"; };
		EDE8CC1E24C1476400BA1AB1 /* ContentView.swift */ = {isa = PBXFileReference; lastKnownFileType = sourcecode.swift; path = ContentView.swift; sourceTree = "<group>"; };
		EDE8CC2024C1476600BA1AB1 /* Assets.xcassets */ = {isa = PBXFileReference; lastKnownFileType = folder.assetcatalog; path = Assets.xcassets; sourceTree = "<group>"; };
		EDE8CC2324C1476600BA1AB1 /* Preview Assets.xcassets */ = {isa = PBXFileReference; lastKnownFileType = folder.assetcatalog; path = "Preview Assets.xcassets"; sourceTree = "<group>"; };
		EDE8CC2624C1476600BA1AB1 /* Base */ = {isa = PBXFileReference; lastKnownFileType = file.storyboard; name = Base; path = Base.lproj/LaunchScreen.storyboard; sourceTree = "<group>"; };
		EDE8CC2824C1476600BA1AB1 /* Info.plist */ = {isa = PBXFileReference; lastKnownFileType = text.plist.xml; path = Info.plist; sourceTree = "<group>"; };
/* End PBXFileReference section */

/* Begin PBXFrameworksBuildPhase section */
		EDE8CC1424C1476400BA1AB1 /* Frameworks */ = {
			isa = PBXFrameworksBuildPhase;
			buildActionMask = 2147483647;
			files = (
			);
			runOnlyForDeploymentPostprocessing = 0;
		};
/* End PBXFrameworksBuildPhase section */

/* Begin PBXGroup section */
		ED9BC52A24C14DF700E73AD3 /* DemoViews */ = {
			isa = PBXGroup;
			children = (
				ED9FC35D24CB86D100BEA9E2 /* TextColorAnimationDemoView.swift */,
				ED9BC52B24C14E1B00E73AD3 /* ProgrammaticDismissalView.swift */,
				ED9BC52D24C1509100E73AD3 /* SheetNavigationView.swift */,
				ED3A08FA24C30E5200272548 /* GeometryAnimationView.swift */,
			);
			path = DemoViews;
			sourceTree = "<group>";
		};
		ED9FC35624CB86BE00BEA9E2 /* SwiftUILabDemos */ = {
			isa = PBXGroup;
			children = (
				ED9FC35724CB86BE00BEA9E2 /* LetterSizeAnimationDemoView.swift */,
				ED9FC35824CB86BE00BEA9E2 /* FlowerAnimationDemoView.swift */,
				ED9FC35924CB86BE00BEA9E2 /* SkewAnimationDemoView.swift */,
			);
			path = SwiftUILabDemos;
			sourceTree = "<group>";
		};
		EDE8CC0E24C1476400BA1AB1 = {
			isa = PBXGroup;
			children = (
				EDE8CC1924C1476400BA1AB1 /* SwiftUIDemos */,
				EDE8CC1824C1476400BA1AB1 /* Products */,
			);
			sourceTree = "<group>";
		};
		EDE8CC1824C1476400BA1AB1 /* Products */ = {
			isa = PBXGroup;
			children = (
				EDE8CC1724C1476400BA1AB1 /* SwiftUIDemos.app */,
			);
			name = Products;
			sourceTree = "<group>";
		};
		EDE8CC1924C1476400BA1AB1 /* SwiftUIDemos */ = {
			isa = PBXGroup;
			children = (
				ED9FC35624CB86BE00BEA9E2 /* SwiftUILabDemos */,
				ED9BC52A24C14DF700E73AD3 /* DemoViews */,
				EDE8CC1A24C1476400BA1AB1 /* AppDelegate.swift */,
				EDE8CC1C24C1476400BA1AB1 /* SceneDelegate.swift */,
				EDE8CC1E24C1476400BA1AB1 /* ContentView.swift */,
				EDE8CC2024C1476600BA1AB1 /* Assets.xcassets */,
				EDE8CC2524C1476600BA1AB1 /* LaunchScreen.storyboard */,
				EDE8CC2824C1476600BA1AB1 /* Info.plist */,
				EDE8CC2224C1476600BA1AB1 /* Preview Content */,
			);
			path = SwiftUIDemos;
			sourceTree = "<group>";
		};
		EDE8CC2224C1476600BA1AB1 /* Preview Content */ = {
			isa = PBXGroup;
			children = (
				EDE8CC2324C1476600BA1AB1 /* Preview Assets.xcassets */,
			);
			path = "Preview Content";
			sourceTree = "<group>";
		};
/* End PBXGroup section */

/* Begin PBXNativeTarget section */
		EDE8CC1624C1476400BA1AB1 /* SwiftUIDemos */ = {
			isa = PBXNativeTarget;
			buildConfigurationList = EDE8CC2B24C1476600BA1AB1 /* Build configuration list for PBXNativeTarget "SwiftUIDemos" */;
			buildPhases = (
				EDE8CC1324C1476400BA1AB1 /* Sources */,
				EDE8CC1424C1476400BA1AB1 /* Frameworks */,
				EDE8CC1524C1476400BA1AB1 /* Resources */,
			);
			buildRules = (
			);
			dependencies = (
			);
			name = SwiftUIDemos;
			productName = SwiftUIDemos;
			productReference = EDE8CC1724C1476400BA1AB1 /* SwiftUIDemos.app */;
			productType = "com.apple.product-type.application";
		};
/* End PBXNativeTarget section */

/* Begin PBXProject section */
		EDE8CC0F24C1476400BA1AB1 /* Project object */ = {
			isa = PBXProject;
			attributes = {
				LastSwiftUpdateCheck = 1160;
				LastUpgradeCheck = 1160;
				ORGANIZATIONNAME = "Bryan Oltman";
				TargetAttributes = {
					EDE8CC1624C1476400BA1AB1 = {
						CreatedOnToolsVersion = 11.6;
					};
				};
			};
			buildConfigurationList = EDE8CC1224C1476400BA1AB1 /* Build configuration list for PBXProject "SwiftUIDemos" */;
			compatibilityVersion = "Xcode 9.3";
			developmentRegion = en;
			hasScannedForEncodings = 0;
			knownRegions = (
				en,
				Base,
			);
			mainGroup = EDE8CC0E24C1476400BA1AB1;
			productRefGroup = EDE8CC1824C1476400BA1AB1 /* Products */;
			projectDirPath = "";
			projectRoot = "";
			targets = (
				EDE8CC1624C1476400BA1AB1 /* SwiftUIDemos */,
			);
		};
/* End PBXProject section */

/* Begin PBXResourcesBuildPhase section */
		EDE8CC1524C1476400BA1AB1 /* Resources */ = {
			isa = PBXResourcesBuildPhase;
			buildActionMask = 2147483647;
			files = (
				EDE8CC2724C1476600BA1AB1 /* LaunchScreen.storyboard in Resources */,
				EDE8CC2424C1476600BA1AB1 /* Preview Assets.xcassets in Resources */,
				EDE8CC2124C1476600BA1AB1 /* Assets.xcassets in Resources */,
			);
			runOnlyForDeploymentPostprocessing = 0;
		};
/* End PBXResourcesBuildPhase section */

/* Begin PBXSourcesBuildPhase section */
		EDE8CC1324C1476400BA1AB1 /* Sources */ = {
			isa = PBXSourcesBuildPhase;
			buildActionMask = 2147483647;
			files = (
				ED9FC35F24CB86D100BEA9E2 /* TextColorAnimationDemoView.swift in Sources */,
				ED9BC52C24C14E1B00E73AD3 /* ProgrammaticDismissalView.swift in Sources */,
				ED9FC35A24CB86BE00BEA9E2 /* LetterSizeAnimationDemoView.swift in Sources */,
				ED9FC35C24CB86BE00BEA9E2 /* SkewAnimationDemoView.swift in Sources */,
				ED9BC52E24C1509100E73AD3 /* SheetNavigationView.swift in Sources */,
				EDE8CC1B24C1476400BA1AB1 /* AppDelegate.swift in Sources */,
				ED3A08FB24C30E5200272548 /* GeometryAnimationView.swift in Sources */,
				EDE8CC1D24C1476400BA1AB1 /* SceneDelegate.swift in Sources */,
				EDE8CC1F24C1476400BA1AB1 /* ContentView.swift in Sources */,
				ED9FC35B24CB86BE00BEA9E2 /* FlowerAnimationDemoView.swift in Sources */,
			);
			runOnlyForDeploymentPostprocessing = 0;
		};
/* End PBXSourcesBuildPhase section */

/* Begin PBXVariantGroup section */
		EDE8CC2524C1476600BA1AB1 /* LaunchScreen.storyboard */ = {
			isa = PBXVariantGroup;
			children = (
				EDE8CC2624C1476600BA1AB1 /* Base */,
			);
			name = LaunchScreen.storyboard;
			sourceTree = "<group>";
		};
/* End PBXVariantGroup section */

/* Begin XCBuildConfiguration section */
		EDE8CC2924C1476600BA1AB1 /* Debug */ = {
			isa = XCBuildConfiguration;
			buildSettings = {
				ALWAYS_SEARCH_USER_PATHS = NO;
				CLANG_ANALYZER_NONNULL = YES;
				CLANG_ANALYZER_NUMBER_OBJECT_CONVERSION = YES_AGGRESSIVE;
				CLANG_CXX_LANGUAGE_STANDARD = "gnu++14";
				CLANG_CXX_LIBRARY = "libc++";
				CLANG_ENABLE_MODULES = YES;
				CLANG_ENABLE_OBJC_ARC = YES;
				CLANG_ENABLE_OBJC_WEAK = YES;
				CLANG_WARN_BLOCK_CAPTURE_AUTORELEASING = YES;
				CLANG_WARN_BOOL_CONVERSION = YES;
				CLANG_WARN_COMMA = YES;
				CLANG_WARN_CONSTANT_CONVERSION = YES;
				CLANG_WARN_DEPRECATED_OBJC_IMPLEMENTATIONS = YES;
				CLANG_WARN_DIRECT_OBJC_ISA_USAGE = YES_ERROR;
				CLANG_WARN_DOCUMENTATION_COMMENTS = YES;
				CLANG_WARN_EMPTY_BODY = YES;
				CLANG_WARN_ENUM_CONVERSION = YES;
				CLANG_WARN_INFINITE_RECURSION = YES;
				CLANG_WARN_INT_CONVERSION = YES;
				CLANG_WARN_NON_LITERAL_NULL_CONVERSION = YES;
				CLANG_WARN_OBJC_IMPLICIT_RETAIN_SELF = YES;
				CLANG_WARN_OBJC_LITERAL_CONVERSION = YES;
				CLANG_WARN_OBJC_ROOT_CLASS = YES_ERROR;
				CLANG_WARN_RANGE_LOOP_ANALYSIS = YES;
				CLANG_WARN_STRICT_PROTOTYPES = YES;
				CLANG_WARN_SUSPICIOUS_MOVE = YES;
				CLANG_WARN_UNGUARDED_AVAILABILITY = YES_AGGRESSIVE;
				CLANG_WARN_UNREACHABLE_CODE = YES;
				CLANG_WARN__DUPLICATE_METHOD_MATCH = YES;
				COPY_PHASE_STRIP = NO;
				DEBUG_INFORMATION_FORMAT = dwarf;
				ENABLE_STRICT_OBJC_MSGSEND = YES;
				ENABLE_TESTABILITY = YES;
				GCC_C_LANGUAGE_STANDARD = gnu11;
				GCC_DYNAMIC_NO_PIC = NO;
				GCC_NO_COMMON_BLOCKS = YES;
				GCC_OPTIMIZATION_LEVEL = 0;
				GCC_PREPROCESSOR_DEFINITIONS = (
					"DEBUG=1",
					"$(inherited)",
				);
				GCC_WARN_64_TO_32_BIT_CONVERSION = YES;
				GCC_WARN_ABOUT_RETURN_TYPE = YES_ERROR;
				GCC_WARN_UNDECLARED_SELECTOR = YES;
				GCC_WARN_UNINITIALIZED_AUTOS = YES_AGGRESSIVE;
				GCC_WARN_UNUSED_FUNCTION = YES;
				GCC_WARN_UNUSED_VARIABLE = YES;
				IPHONEOS_DEPLOYMENT_TARGET = 13.6;
				MTL_ENABLE_DEBUG_INFO = INCLUDE_SOURCE;
				MTL_FAST_MATH = YES;
				ONLY_ACTIVE_ARCH = YES;
				SDKROOT = iphoneos;
				SWIFT_ACTIVE_COMPILATION_CONDITIONS = DEBUG;
				SWIFT_OPTIMIZATION_LEVEL = "-Onone";
			};
			name = Debug;
		};
		EDE8CC2A24C1476600BA1AB1 /* Release */ = {
			isa = XCBuildConfiguration;
			buildSettings = {
				ALWAYS_SEARCH_USER_PATHS = NO;
				CLANG_ANALYZER_NONNULL = YES;
				CLANG_ANALYZER_NUMBER_OBJECT_CONVERSION = YES_AGGRESSIVE;
				CLANG_CXX_LANGUAGE_STANDARD = "gnu++14";
				CLANG_CXX_LIBRARY = "libc++";
				CLANG_ENABLE_MODULES = YES;
				CLANG_ENABLE_OBJC_ARC = YES;
				CLANG_ENABLE_OBJC_WEAK = YES;
				CLANG_WARN_BLOCK_CAPTURE_AUTORELEASING = YES;
				CLANG_WARN_BOOL_CONVERSION = YES;
				CLANG_WARN_COMMA = YES;
				CLANG_WARN_CONSTANT_CONVERSION = YES;
				CLANG_WARN_DEPRECATED_OBJC_IMPLEMENTATIONS = YES;
				CLANG_WARN_DIRECT_OBJC_ISA_USAGE = YES_ERROR;
				CLANG_WARN_DOCUMENTATION_COMMENTS = YES;
				CLANG_WARN_EMPTY_BODY = YES;
				CLANG_WARN_ENUM_CONVERSION = YES;
				CLANG_WARN_INFINITE_RECURSION = YES;
				CLANG_WARN_INT_CONVERSION = YES;
				CLANG_WARN_NON_LITERAL_NULL_CONVERSION = YES;
				CLANG_WARN_OBJC_IMPLICIT_RETAIN_SELF = YES;
				CLANG_WARN_OBJC_LITERAL_CONVERSION = YES;
				CLANG_WARN_OBJC_ROOT_CLASS = YES_ERROR;
				CLANG_WARN_RANGE_LOOP_ANALYSIS = YES;
				CLANG_WARN_STRICT_PROTOTYPES = YES;
				CLANG_WARN_SUSPICIOUS_MOVE = YES;
				CLANG_WARN_UNGUARDED_AVAILABILITY = YES_AGGRESSIVE;
				CLANG_WARN_UNREACHABLE_CODE = YES;
				CLANG_WARN__DUPLICATE_METHOD_MATCH = YES;
				COPY_PHASE_STRIP = NO;
				DEBUG_INFORMATION_FORMAT = "dwarf-with-dsym";
				ENABLE_NS_ASSERTIONS = NO;
				ENABLE_STRICT_OBJC_MSGSEND = YES;
				GCC_C_LANGUAGE_STANDARD = gnu11;
				GCC_NO_COMMON_BLOCKS = YES;
				GCC_WARN_64_TO_32_BIT_CONVERSION = YES;
				GCC_WARN_ABOUT_RETURN_TYPE = YES_ERROR;
				GCC_WARN_UNDECLARED_SELECTOR = YES;
				GCC_WARN_UNINITIALIZED_AUTOS = YES_AGGRESSIVE;
				GCC_WARN_UNUSED_FUNCTION = YES;
				GCC_WARN_UNUSED_VARIABLE = YES;
				IPHONEOS_DEPLOYMENT_TARGET = 13.6;
				MTL_ENABLE_DEBUG_INFO = NO;
				MTL_FAST_MATH = YES;
				SDKROOT = iphoneos;
				SWIFT_COMPILATION_MODE = wholemodule;
				SWIFT_OPTIMIZATION_LEVEL = "-O";
				VALIDATE_PRODUCT = YES;
			};
			name = Release;
		};
		EDE8CC2C24C1476600BA1AB1 /* Debug */ = {
			isa = XCBuildConfiguration;
			buildSettings = {
				ASSETCATALOG_COMPILER_APPICON_NAME = AppIcon;
				CODE_SIGN_STYLE = Automatic;
				DEVELOPMENT_ASSET_PATHS = "\"SwiftUIDemos/Preview Content\"";
				ENABLE_PREVIEWS = YES;
				INFOPLIST_FILE = SwiftUIDemos/Info.plist;
				LD_RUNPATH_SEARCH_PATHS = (
					"$(inherited)",
					"@executable_path/Frameworks",
				);
				PRODUCT_BUNDLE_IDENTIFIER = com.google.SwiftUIDemos;
				PRODUCT_NAME = "$(TARGET_NAME)";
				SWIFT_VERSION = 5.0;
				TARGETED_DEVICE_FAMILY = "1,2";
			};
			name = Debug;
		};
		EDE8CC2D24C1476600BA1AB1 /* Release */ = {
			isa = XCBuildConfiguration;
			buildSettings = {
				ASSETCATALOG_COMPILER_APPICON_NAME = AppIcon;
				CODE_SIGN_STYLE = Automatic;
				DEVELOPMENT_ASSET_PATHS = "\"SwiftUIDemos/Preview Content\"";
				ENABLE_PREVIEWS = YES;
				INFOPLIST_FILE = SwiftUIDemos/Info.plist;
				LD_RUNPATH_SEARCH_PATHS = (
					"$(inherited)",
					"@executable_path/Frameworks",
				);
				PRODUCT_BUNDLE_IDENTIFIER = com.google.SwiftUIDemos;
				PRODUCT_NAME = "$(TARGET_NAME)";
				SWIFT_VERSION = 5.0;
				TARGETED_DEVICE_FAMILY = "1,2";
			};
			name = Release;
		};
/* End XCBuildConfiguration section */

/* Begin XCConfigurationList section */
		EDE8CC1224C1476400BA1AB1 /* Build configuration list for PBXProject "SwiftUIDemos" */ = {
			isa = XCConfigurationList;
			buildConfigurations = (
				EDE8CC2924C1476600BA1AB1 /* Debug */,
				EDE8CC2A24C1476600BA1AB1 /* Release */,
			);
			defaultConfigurationIsVisible = 0;
			defaultConfigurationName = Release;
		};
		EDE8CC2B24C1476600BA1AB1 /* Build configuration list for PBXNativeTarget "SwiftUIDemos" */ = {
			isa = XCConfigurationList;
			buildConfigurations = (
				EDE8CC2C24C1476600BA1AB1 /* Debug */,
				EDE8CC2D24C1476600BA1AB1 /* Release */,
			);
			defaultConfigurationIsVisible = 0;
			defaultConfigurationName = Release;
		};
/* End XCConfigurationList section */
	};
	rootObject = EDE8CC0F24C1476400BA1AB1 /* Project object */;
}
